
Microsoft Visual Studio Solution File, Format Version 12.00
# Visual Studio Version 16
VisualStudioVersion = 16.0.31105.61
MinimumVisualStudioVersion = 10.0.40219.1
Project("{9A19103F-16F7-4668-BE54-9A1E7A4F7556}") = "page-analysis", "page-analysis\page-analysis.csproj", "{7A1D914B-78AF-4EFE-A338-3483B2F51546}"
EndProject
Project("{FAE04EC0-301F-11D3-BF4B-00C04F79EFBC}") = "page-analysis.Tests", "page-analysis.Tests\page-analysis.Tests.csproj", "{6942E66F-66C2-4118-BBF0-13F78B992C16}"
EndProject
Global
	GlobalSection(SolutionConfigurationPlatforms) = preSolution
		Debug|Any CPU = Debug|Any CPU
		Release|Any CPU = Release|Any CPU
	EndGlobalSection
	GlobalSection(ProjectConfigurationPlatforms) = postSolution
		{7A1D914B-78AF-4EFE-A338-3483B2F51546}.Debug|Any CPU.ActiveCfg = Debug|Any CPU
		{7A1D914B-78AF-4EFE-A338-3483B2F51546}.Debug|Any CPU.Build.0 = Debug|Any CPU
		{7A1D914B-78AF-4EFE-A338-3483B2F51546}.Release|Any CPU.ActiveCfg = Release|Any CPU
		{7A1D914B-78AF-4EFE-A338-3483B2F51546}.Release|Any CPU.Build.0 = Release|Any CPU
		{6942E66F-66C2-4118-BBF0-13F78B992C16}.Debug|Any CPU.ActiveCfg = Debug|Any CPU
		{6942E66F-66C2-4118-BBF0-13F78B992C16}.Debug|Any CPU.Build.0 = Debug|Any CPU
		{6942E66F-66C2-4118-BBF0-13F78B992C16}.Release|Any CPU.ActiveCfg = Release|Any CPU
		{6942E66F-66C2-4118-BBF0-13F78B992C16}.Release|Any CPU.Build.0 = Release|Any CPU
	EndGlobalSection
	GlobalSection(SolutionProperties) = preSolution
		HideSolutionNode = FALSE
	EndGlobalSection
	GlobalSection(ExtensibilityGlobals) = postSolution
		SolutionGuid = {B8B1F93C-BF25-4EF4-830A-BE1AABEE0C5D}
	EndGlobalSection
EndGlobal
